
Microsoft Visual Studio Solution File, Format Version 12.00
# Visual Studio 15
VisualStudioVersion = 15.0.28307.421
MinimumVisualStudioVersion = 10.0.40219.1
Project("{9A19103F-16F7-4668-BE54-9A1E7A4F7556}") = "WebInside", "WebInside\WebInside.csproj", "{6CEF2D34-24E5-4ADA-9A4D-767893D8A236}"
EndProject
Project("{2150E333-8FDC-42A3-9474-1A3956D46DE8}") = "Web_Inside", "Web_Inside", "{D880DE97-41E1-4F49-AC80-CB2A1DDC288B}"
EndProject
Project("{2150E333-8FDC-42A3-9474-1A3956D46DE8}") = "Authentication", "Authentication", "{DFEF5618-3E6D-4FEE-B40E-C55D7E5D5FF5}"
EndProject
Project("{9A19103F-16F7-4668-BE54-9A1E7A4F7556}") = "API.Authentication", "API.Authentication\API.Authentication.csproj", "{173DDCA3-4311-4291-B7BD-79E015E6A0D5}"
EndProject
Project("{2150E333-8FDC-42A3-9474-1A3956D46DE8}") = "DistributedService", "DistributedService", "{CD2218E9-E6DD-444D-ABBE-A089AF2D421D}"
EndProject
Project("{9A19103F-16F7-4668-BE54-9A1E7A4F7556}") = "API.Core", "API.Core\API.Core.csproj", "{62E10E74-BA06-4AF6-BBEA-14998F85130B}"
EndProject
Project("{00D1A9C2-B5F0-4AF3-8072-F6C62B433612}") = "DBCore", "DBCore\DBCore.sqlproj", "{5D3FEB04-3A56-4F79-8F5B-7AE96A91ACBA}"
EndProject
Project("{2150E333-8FDC-42A3-9474-1A3956D46DE8}") = "Database", "Database", "{7A754533-2641-49DD-9B18-121ACA018F08}"
EndProject
Project("{2150E333-8FDC-42A3-9474-1A3956D46DE8}") = "Provider", "Provider", "{1F55CE66-03BD-4100-B86D-7675F18E5FFD}"
EndProject
Project("{9A19103F-16F7-4668-BE54-9A1E7A4F7556}") = "DTO", "DTO\DTO.csproj", "{2F7A3FBB-CBE2-4325-99E3-F065ED6B230E}"
EndProject
Project("{9A19103F-16F7-4668-BE54-9A1E7A4F7556}") = "Repository", "Repository\Repository.csproj", "{443A2EC5-3A51-4BDB-A9BA-DF46253FE7FB}"
EndProject
Project("{FAE04EC0-301F-11D3-BF4B-00C04F79EFBC}") = "API.JWT.Authentication", "API.JWT.Authentication\API.JWT.Authentication.csproj", "{8E5B2AE8-47C1-4695-B21C-E10E1C8C49D3}"
EndProject
Global
	GlobalSection(SolutionConfigurationPlatforms) = preSolution
		Debug|Any CPU = Debug|Any CPU
		Release|Any CPU = Release|Any CPU
	EndGlobalSection
	GlobalSection(ProjectConfigurationPlatforms) = postSolution
		{6CEF2D34-24E5-4ADA-9A4D-767893D8A236}.Debug|Any CPU.ActiveCfg = Debug|Any CPU
		{6CEF2D34-24E5-4ADA-9A4D-767893D8A236}.Debug|Any CPU.Build.0 = Debug|Any CPU
		{6CEF2D34-24E5-4ADA-9A4D-767893D8A236}.Release|Any CPU.ActiveCfg = Release|Any CPU
		{6CEF2D34-24E5-4ADA-9A4D-767893D8A236}.Release|Any CPU.Build.0 = Release|Any CPU
		{173DDCA3-4311-4291-B7BD-79E015E6A0D5}.Debug|Any CPU.ActiveCfg = Debug|Any CPU
		{173DDCA3-4311-4291-B7BD-79E015E6A0D5}.Debug|Any CPU.Build.0 = Debug|Any CPU
		{173DDCA3-4311-4291-B7BD-79E015E6A0D5}.Release|Any CPU.ActiveCfg = Release|Any CPU
		{173DDCA3-4311-4291-B7BD-79E015E6A0D5}.Release|Any CPU.Build.0 = Release|Any CPU
		{62E10E74-BA06-4AF6-BBEA-14998F85130B}.Debug|Any CPU.ActiveCfg = Debug|Any CPU
		{62E10E74-BA06-4AF6-BBEA-14998F85130B}.Debug|Any CPU.Build.0 = Debug|Any CPU
		{62E10E74-BA06-4AF6-BBEA-14998F85130B}.Release|Any CPU.ActiveCfg = Release|Any CPU
		{62E10E74-BA06-4AF6-BBEA-14998F85130B}.Release|Any CPU.Build.0 = Release|Any CPU
		{5D3FEB04-3A56-4F79-8F5B-7AE96A91ACBA}.Debug|Any CPU.ActiveCfg = Debug|Any CPU
		{5D3FEB04-3A56-4F79-8F5B-7AE96A91ACBA}.Debug|Any CPU.Build.0 = Debug|Any CPU
		{5D3FEB04-3A56-4F79-8F5B-7AE96A91ACBA}.Debug|Any CPU.Deploy.0 = Debug|Any CPU
		{5D3FEB04-3A56-4F79-8F5B-7AE96A91ACBA}.Release|Any CPU.ActiveCfg = Release|Any CPU
		{5D3FEB04-3A56-4F79-8F5B-7AE96A91ACBA}.Release|Any CPU.Build.0 = Release|Any CPU
		{5D3FEB04-3A56-4F79-8F5B-7AE96A91ACBA}.Release|Any CPU.Deploy.0 = Release|Any CPU
		{2F7A3FBB-CBE2-4325-99E3-F065ED6B230E}.Debug|Any CPU.ActiveCfg = Debug|Any CPU
		{2F7A3FBB-CBE2-4325-99E3-F065ED6B230E}.Debug|Any CPU.Build.0 = Debug|Any CPU
		{2F7A3FBB-CBE2-4325-99E3-F065ED6B230E}.Release|Any CPU.ActiveCfg = Release|Any CPU
		{2F7A3FBB-CBE2-4325-99E3-F065ED6B230E}.Release|Any CPU.Build.0 = Release|Any CPU
		{443A2EC5-3A51-4BDB-A9BA-DF46253FE7FB}.Debug|Any CPU.ActiveCfg = Debug|Any CPU
		{443A2EC5-3A51-4BDB-A9BA-DF46253FE7FB}.Debug|Any CPU.Build.0 = Debug|Any CPU
		{443A2EC5-3A51-4BDB-A9BA-DF46253FE7FB}.Release|Any CPU.ActiveCfg = Release|Any CPU
		{443A2EC5-3A51-4BDB-A9BA-DF46253FE7FB}.Release|Any CPU.Build.0 = Release|Any CPU
		{8E5B2AE8-47C1-4695-B21C-E10E1C8C49D3}.Debug|Any CPU.ActiveCfg = Debug|Any CPU
		{8E5B2AE8-47C1-4695-B21C-E10E1C8C49D3}.Debug|Any CPU.Build.0 = Debug|Any CPU
		{8E5B2AE8-47C1-4695-B21C-E10E1C8C49D3}.Release|Any CPU.ActiveCfg = Release|Any CPU
		{8E5B2AE8-47C1-4695-B21C-E10E1C8C49D3}.Release|Any CPU.Build.0 = Release|Any CPU
	EndGlobalSection
	GlobalSection(SolutionProperties) = preSolution
		HideSolutionNode = FALSE
	EndGlobalSection
	GlobalSection(NestedProjects) = preSolution
		{6CEF2D34-24E5-4ADA-9A4D-767893D8A236} = {D880DE97-41E1-4F49-AC80-CB2A1DDC288B}
		{173DDCA3-4311-4291-B7BD-79E015E6A0D5} = {DFEF5618-3E6D-4FEE-B40E-C55D7E5D5FF5}
		{62E10E74-BA06-4AF6-BBEA-14998F85130B} = {CD2218E9-E6DD-444D-ABBE-A089AF2D421D}
		{5D3FEB04-3A56-4F79-8F5B-7AE96A91ACBA} = {7A754533-2641-49DD-9B18-121ACA018F08}
		{2F7A3FBB-CBE2-4325-99E3-F065ED6B230E} = {1F55CE66-03BD-4100-B86D-7675F18E5FFD}
		{443A2EC5-3A51-4BDB-A9BA-DF46253FE7FB} = {1F55CE66-03BD-4100-B86D-7675F18E5FFD}
		{8E5B2AE8-47C1-4695-B21C-E10E1C8C49D3} = {DFEF5618-3E6D-4FEE-B40E-C55D7E5D5FF5}
	EndGlobalSection
	GlobalSection(ExtensibilityGlobals) = postSolution
		SolutionGuid = {19617285-00DB-44FE-B611-055997366F61}
	EndGlobalSection
EndGlobal
